// !$*UTF8*$!
{
	archiveVersion = 1;
	classes = {
	};
	objectVersion = 50;
	objects = {

/* Begin PBXBuildFile section */
		014E7ED9247D4BF300AF72FB /* GoogleService-Info.plist in Resources */ = {isa = PBXBuildFile; fileRef = 014E7ED8247D4BF200AF72FB /* GoogleService-Info.plist */; };
		01504E4C247C77A2009F04E3 /* success.wav in Resources */ = {isa = PBXBuildFile; fileRef = 01504E4B247C77A2009F04E3 /* success.wav */; };
		0150CC7E247AEB9400A34B31 /* LevelViewController.swift in Sources */ = {isa = PBXBuildFile; fileRef = 0150CC7D247AEB9400A34B31 /* LevelViewController.swift */; };
		01629633247BF0CD0060A744 /* EasyViewController.swift in Sources */ = {isa = PBXBuildFile; fileRef = 01629632247BF0CD0060A744 /* EasyViewController.swift */; };
		01AB1D36247B029900E6EAE3 /* HighScoreViewController.swift in Sources */ = {isa = PBXBuildFile; fileRef = 01AB1D35247B029900E6EAE3 /* HighScoreViewController.swift */; };
		01F7988D247AD4AA00FA8D14 /* AppDelegate.swift in Sources */ = {isa = PBXBuildFile; fileRef = 01F7988C247AD4AA00FA8D14 /* AppDelegate.swift */; };
		01F7988F247AD4AA00FA8D14 /* SceneDelegate.swift in Sources */ = {isa = PBXBuildFile; fileRef = 01F7988E247AD4AA00FA8D14 /* SceneDelegate.swift */; };
		01F79891247AD4AA00FA8D14 /* MainViewController.swift in Sources */ = {isa = PBXBuildFile; fileRef = 01F79890247AD4AA00FA8D14 /* MainViewController.swift */; };
		01F79894247AD4AA00FA8D14 /* Main.storyboard in Resources */ = {isa = PBXBuildFile; fileRef = 01F79892247AD4AA00FA8D14 /* Main.storyboard */; };
		01F79896247AD4AB00FA8D14 /* Assets.xcassets in Resources */ = {isa = PBXBuildFile; fileRef = 01F79895247AD4AB00FA8D14 /* Assets.xcassets */; };
		01F79899247AD4AB00FA8D14 /* LaunchScreen.storyboard in Resources */ = {isa = PBXBuildFile; fileRef = 01F79897247AD4AB00FA8D14 /* LaunchScreen.storyboard */; };
		01F798A4247AD4AB00FA8D14 /* PuzzleTests.swift in Sources */ = {isa = PBXBuildFile; fileRef = 01F798A3247AD4AB00FA8D14 /* PuzzleTests.swift */; };
		01F798AF247AD4AC00FA8D14 /* PuzzleUITests.swift in Sources */ = {isa = PBXBuildFile; fileRef = 01F798AE247AD4AC00FA8D14 /* PuzzleUITests.swift */; };
		01F798BD247AD53000FA8D14 /* ImageViewCVCell.swift in Sources */ = {isa = PBXBuildFile; fileRef = 01F798BC247AD53000FA8D14 /* ImageViewCVCell.swift */; };
		01F798C1247ADAE500FA8D14 /* ViewController.swift in Sources */ = {isa = PBXBuildFile; fileRef = 01F798C0247ADAE500FA8D14 /* ViewController.swift */; };
		0B2F33281FAB89E83C2873FC /* Pods_PuzzleTests.framework in Frameworks */ = {isa = PBXBuildFile; fileRef = 21CC3BC88ACD1ED0A1662D4D /* Pods_PuzzleTests.framework */; };
		8D58356C46E07FDDBB98F725 /* Pods_Puzzle_PuzzleUITests.framework in Frameworks */ = {isa = PBXBuildFile; fileRef = CEA1F9BF874855E62D701B05 /* Pods_Puzzle_PuzzleUITests.framework */; };
		DCAE7E5F0A8B95AC0E392A8E /* Pods_Puzzle.framework in Frameworks */ = {isa = PBXBuildFile; fileRef = 9D20CAEE0E00B68BBA8C5283 /* Pods_Puzzle.framework */; };
		DE2FB1D7247C33B50094BA10 /* HardViewController.swift in Sources */ = {isa = PBXBuildFile; fileRef = DE2FB1D6247C33B50094BA10 /* HardViewController.swift */; };
/* End PBXBuildFile section */

/* Begin PBXContainerItemProxy section */
		01F798A0247AD4AB00FA8D14 /* PBXContainerItemProxy */ = {
			isa = PBXContainerItemProxy;
			containerPortal = 01F79881247AD4AA00FA8D14 /* Project object */;
			proxyType = 1;
			remoteGlobalIDString = 01F79888247AD4AA00FA8D14;
			remoteInfo = Puzzle;
		};
		01F798AB247AD4AC00FA8D14 /* PBXContainerItemProxy */ = {
			isa = PBXContainerItemProxy;
			containerPortal = 01F79881247AD4AA00FA8D14 /* Project object */;
			proxyType = 1;
			remoteGlobalIDString = 01F79888247AD4AA00FA8D14;
			remoteInfo = Puzzle;
		};
/* End PBXContainerItemProxy section */

/* Begin PBXFileReference section */
		014E7ED8247D4BF200AF72FB /* GoogleService-Info.plist */ = {isa = PBXFileReference; fileEncoding = 4; lastKnownFileType = text.plist.xml; path = "GoogleService-Info.plist"; sourceTree = "<group>"; };
		01504E4B247C77A2009F04E3 /* success.wav */ = {isa = PBXFileReference; lastKnownFileType = audio.wav; path = success.wav; sourceTree = "<group>"; };
		0150CC7D247AEB9400A34B31 /* LevelViewController.swift */ = {isa = PBXFileReference; lastKnownFileType = sourcecode.swift; path = LevelViewController.swift; sourceTree = "<group>"; };
		01629632247BF0CD0060A744 /* EasyViewController.swift */ = {isa = PBXFileReference; lastKnownFileType = sourcecode.swift; path = EasyViewController.swift; sourceTree = "<group>"; };
		01AB1D35247B029900E6EAE3 /* HighScoreViewController.swift */ = {isa = PBXFileReference; lastKnownFileType = sourcecode.swift; path = HighScoreViewController.swift; sourceTree = "<group>"; };
		01F79889247AD4AA00FA8D14 /* Puzzle.app */ = {isa = PBXFileReference; explicitFileType = wrapper.application; includeInIndex = 0; path = Puzzle.app; sourceTree = BUILT_PRODUCTS_DIR; };
		01F7988C247AD4AA00FA8D14 /* AppDelegate.swift */ = {isa = PBXFileReference; lastKnownFileType = sourcecode.swift; path = AppDelegate.swift; sourceTree = "<group>"; };
		01F7988E247AD4AA00FA8D14 /* SceneDelegate.swift */ = {isa = PBXFileReference; lastKnownFileType = sourcecode.swift; path = SceneDelegate.swift; sourceTree = "<group>"; };
		01F79890247AD4AA00FA8D14 /* MainViewController.swift */ = {isa = PBXFileReference; lastKnownFileType = sourcecode.swift; path = MainViewController.swift; sourceTree = "<group>"; };
		01F79893247AD4AA00FA8D14 /* Base */ = {isa = PBXFileReference; lastKnownFileType = file.storyboard; name = Base; path = Base.lproj/Main.storyboard; sourceTree = "<group>"; };
		01F79895247AD4AB00FA8D14 /* Assets.xcassets */ = {isa = PBXFileReference; lastKnownFileType = folder.assetcatalog; path = Assets.xcassets; sourceTree = "<group>"; };
		01F79898247AD4AB00FA8D14 /* Base */ = {isa = PBXFileReference; lastKnownFileType = file.storyboard; name = Base; path = Base.lproj/LaunchScreen.storyboard; sourceTree = "<group>"; };
		01F7989A247AD4AB00FA8D14 /* Info.plist */ = {isa = PBXFileReference; lastKnownFileType = text.plist.xml; path = Info.plist; sourceTree = "<group>"; };
		01F7989F247AD4AB00FA8D14 /* PuzzleTests.xctest */ = {isa = PBXFileReference; explicitFileType = wrapper.cfbundle; includeInIndex = 0; path = PuzzleTests.xctest; sourceTree = BUILT_PRODUCTS_DIR; };
		01F798A3247AD4AB00FA8D14 /* PuzzleTests.swift */ = {isa = PBXFileReference; lastKnownFileType = sourcecode.swift; path = PuzzleTests.swift; sourceTree = "<group>"; };
		01F798A5247AD4AB00FA8D14 /* Info.plist */ = {isa = PBXFileReference; lastKnownFileType = text.plist.xml; path = Info.plist; sourceTree = "<group>"; };
		01F798AA247AD4AC00FA8D14 /* PuzzleUITests.xctest */ = {isa = PBXFileReference; explicitFileType = wrapper.cfbundle; includeInIndex = 0; path = PuzzleUITests.xctest; sourceTree = BUILT_PRODUCTS_DIR; };
		01F798AE247AD4AC00FA8D14 /* PuzzleUITests.swift */ = {isa = PBXFileReference; lastKnownFileType = sourcecode.swift; path = PuzzleUITests.swift; sourceTree = "<group>"; };
		01F798B0247AD4AC00FA8D14 /* Info.plist */ = {isa = PBXFileReference; lastKnownFileType = text.plist.xml; path = Info.plist; sourceTree = "<group>"; };
		01F798BC247AD53000FA8D14 /* ImageViewCVCell.swift */ = {isa = PBXFileReference; lastKnownFileType = sourcecode.swift; path = ImageViewCVCell.swift; sourceTree = "<group>"; };
		01F798C0247ADAE500FA8D14 /* ViewController.swift */ = {isa = PBXFileReference; lastKnownFileType = sourcecode.swift; path = ViewController.swift; sourceTree = "<group>"; };
		21CC3BC88ACD1ED0A1662D4D /* Pods_PuzzleTests.framework */ = {isa = PBXFileReference; explicitFileType = wrapper.framework; includeInIndex = 0; path = Pods_PuzzleTests.framework; sourceTree = BUILT_PRODUCTS_DIR; };
		3A8F2CEE3A6F7B27AF1A7674 /* Pods-PuzzleTests.release.xcconfig */ = {isa = PBXFileReference; includeInIndex = 1; lastKnownFileType = text.xcconfig; name = "Pods-PuzzleTests.release.xcconfig"; path = "Target Support Files/Pods-PuzzleTests/Pods-PuzzleTests.release.xcconfig"; sourceTree = "<group>"; };
		588F49D45F7BE8A011C22608 /* Pods-Puzzle.release.xcconfig */ = {isa = PBXFileReference; includeInIndex = 1; lastKnownFileType = text.xcconfig; name = "Pods-Puzzle.release.xcconfig"; path = "Target Support Files/Pods-Puzzle/Pods-Puzzle.release.xcconfig"; sourceTree = "<group>"; };
		8073D381A6CF3A29533AC9CB /* Pods-Puzzle.debug.xcconfig */ = {isa = PBXFileReference; includeInIndex = 1; lastKnownFileType = text.xcconfig; name = "Pods-Puzzle.debug.xcconfig"; path = "Target Support Files/Pods-Puzzle/Pods-Puzzle.debug.xcconfig"; sourceTree = "<group>"; };
		946D5D5A17AC2D8EA6990631 /* Pods-PuzzleTests.debug.xcconfig */ = {isa = PBXFileReference; includeInIndex = 1; lastKnownFileType = text.xcconfig; name = "Pods-PuzzleTests.debug.xcconfig"; path = "Target Support Files/Pods-PuzzleTests/Pods-PuzzleTests.debug.xcconfig"; sourceTree = "<group>"; };
		9D20CAEE0E00B68BBA8C5283 /* Pods_Puzzle.framework */ = {isa = PBXFileReference; explicitFileType = wrapper.framework; includeInIndex = 0; path = Pods_Puzzle.framework; sourceTree = BUILT_PRODUCTS_DIR; };
		C22D84F1A124ACF9AEE3C20A /* Pods-Puzzle-PuzzleUITests.debug.xcconfig */ = {isa = PBXFileReference; includeInIndex = 1; lastKnownFileType = text.xcconfig; name = "Pods-Puzzle-PuzzleUITests.debug.xcconfig"; path = "Target Support Files/Pods-Puzzle-PuzzleUITests/Pods-Puzzle-PuzzleUITests.debug.xcconfig"; sourceTree = "<group>"; };
		CEA1F9BF874855E62D701B05 /* Pods_Puzzle_PuzzleUITests.framework */ = {isa = PBXFileReference; explicitFileType = wrapper.framework; includeInIndex = 0; path = Pods_Puzzle_PuzzleUITests.framework; sourceTree = BUILT_PRODUCTS_DIR; };
		DE2FB1D6247C33B50094BA10 /* HardViewController.swift */ = {isa = PBXFileReference; lastKnownFileType = sourcecode.swift; path = HardViewController.swift; sourceTree = "<group>"; };
		F570D3F022C193E517D91DB6 /* Pods-Puzzle-PuzzleUITests.release.xcconfig */ = {isa = PBXFileReference; includeInIndex = 1; lastKnownFileType = text.xcconfig; name = "Pods-Puzzle-PuzzleUITests.release.xcconfig"; path = "Target Support Files/Pods-Puzzle-PuzzleUITests/Pods-Puzzle-PuzzleUITests.release.xcconfig"; sourceTree = "<group>"; };
/* End PBXFileReference section */

/* Begin PBXFrameworksBuildPhase section */
		01F79886247AD4AA00FA8D14 /* Frameworks */ = {
			isa = PBXFrameworksBuildPhase;
			buildActionMask = 2147483647;
			files = (
				DCAE7E5F0A8B95AC0E392A8E /* Pods_Puzzle.framework in Frameworks */,
			);
			runOnlyForDeploymentPostprocessing = 0;
		};
		01F7989C247AD4AB00FA8D14 /* Frameworks */ = {
			isa = PBXFrameworksBuildPhase;
			buildActionMask = 2147483647;
			files = (
				0B2F33281FAB89E83C2873FC /* Pods_PuzzleTests.framework in Frameworks */,
			);
			runOnlyForDeploymentPostprocessing = 0;
		};
		01F798A7247AD4AC00FA8D14 /* Frameworks */ = {
			isa = PBXFrameworksBuildPhase;
			buildActionMask = 2147483647;
			files = (
				8D58356C46E07FDDBB98F725 /* Pods_Puzzle_PuzzleUITests.framework in Frameworks */,
			);
			runOnlyForDeploymentPostprocessing = 0;
		};
/* End PBXFrameworksBuildPhase section */

/* Begin PBXGroup section */
		01504E48247C7750009F04E3 /* Sound */ = {
			isa = PBXGroup;
			children = (
				01504E4B247C77A2009F04E3 /* success.wav */,
			);
			path = Sound;
			sourceTree = "<group>";
		};
		01F79880247AD4AA00FA8D14 = {
			isa = PBXGroup;
			children = (
				01F7988B247AD4AA00FA8D14 /* Puzzle */,
				01F798A2247AD4AB00FA8D14 /* PuzzleTests */,
				01F798AD247AD4AC00FA8D14 /* PuzzleUITests */,
				01F7988A247AD4AA00FA8D14 /* Products */,
				177E79C4E23A8C72C3A0F7E1 /* Pods */,
				2DA73E1D833DD8B7B3601BA6 /* Frameworks */,
			);
			sourceTree = "<group>";
		};
		01F7988A247AD4AA00FA8D14 /* Products */ = {
			isa = PBXGroup;
			children = (
				01F79889247AD4AA00FA8D14 /* Puzzle.app */,
				01F7989F247AD4AB00FA8D14 /* PuzzleTests.xctest */,
				01F798AA247AD4AC00FA8D14 /* PuzzleUITests.xctest */,
			);
			name = Products;
			sourceTree = "<group>";
		};
		01F7988B247AD4AA00FA8D14 /* Puzzle */ = {
			isa = PBXGroup;
			children = (
				01504E48247C7750009F04E3 /* Sound */,
				01F7988C247AD4AA00FA8D14 /* AppDelegate.swift */,
				01629632247BF0CD0060A744 /* EasyViewController.swift */,
				01F7988E247AD4AA00FA8D14 /* SceneDelegate.swift */,
				01F79890247AD4AA00FA8D14 /* MainViewController.swift */,
				01F79892247AD4AA00FA8D14 /* Main.storyboard */,
				01F79895247AD4AB00FA8D14 /* Assets.xcassets */,
				01F79897247AD4AB00FA8D14 /* LaunchScreen.storyboard */,
				01F7989A247AD4AB00FA8D14 /* Info.plist */,
				01F798BC247AD53000FA8D14 /* ImageViewCVCell.swift */,
				01F798C0247ADAE500FA8D14 /* ViewController.swift */,
				0150CC7D247AEB9400A34B31 /* LevelViewController.swift */,
				01AB1D35247B029900E6EAE3 /* HighScoreViewController.swift */,
				DE2FB1D6247C33B50094BA10 /* HardViewController.swift */,
				014E7ED8247D4BF200AF72FB /* GoogleService-Info.plist */,
			);
			path = Puzzle;
			sourceTree = "<group>";
		};
		01F798A2247AD4AB00FA8D14 /* PuzzleTests */ = {
			isa = PBXGroup;
			children = (
				01F798A3247AD4AB00FA8D14 /* PuzzleTests.swift */,
				01F798A5247AD4AB00FA8D14 /* Info.plist */,
			);
			path = PuzzleTests;
			sourceTree = "<group>";
		};
		01F798AD247AD4AC00FA8D14 /* PuzzleUITests */ = {
			isa = PBXGroup;
			children = (
				01F798AE247AD4AC00FA8D14 /* PuzzleUITests.swift */,
				01F798B0247AD4AC00FA8D14 /* Info.plist */,
			);
			path = PuzzleUITests;
			sourceTree = "<group>";
		};
		177E79C4E23A8C72C3A0F7E1 /* Pods */ = {
			isa = PBXGroup;
			children = (
				8073D381A6CF3A29533AC9CB /* Pods-Puzzle.debug.xcconfig */,
				588F49D45F7BE8A011C22608 /* Pods-Puzzle.release.xcconfig */,
				C22D84F1A124ACF9AEE3C20A /* Pods-Puzzle-PuzzleUITests.debug.xcconfig */,
				F570D3F022C193E517D91DB6 /* Pods-Puzzle-PuzzleUITests.release.xcconfig */,
				946D5D5A17AC2D8EA6990631 /* Pods-PuzzleTests.debug.xcconfig */,
				3A8F2CEE3A6F7B27AF1A7674 /* Pods-PuzzleTests.release.xcconfig */,
			);
			name = Pods;
			path = Pods;
			sourceTree = "<group>";
		};
		2DA73E1D833DD8B7B3601BA6 /* Frameworks */ = {
			isa = PBXGroup;
			children = (
				9D20CAEE0E00B68BBA8C5283 /* Pods_Puzzle.framework */,
				CEA1F9BF874855E62D701B05 /* Pods_Puzzle_PuzzleUITests.framework */,
				21CC3BC88ACD1ED0A1662D4D /* Pods_PuzzleTests.framework */,
			);
			name = Frameworks;
			sourceTree = "<group>";
		};
/* End PBXGroup section */

/* Begin PBXNativeTarget section */
		01F79888247AD4AA00FA8D14 /* Puzzle */ = {
			isa = PBXNativeTarget;
			buildConfigurationList = 01F798B3247AD4AC00FA8D14 /* Build configuration list for PBXNativeTarget "Puzzle" */;
			buildPhases = (
				50DB827C4AB373E0EA35CA57 /* [CP] Check Pods Manifest.lock */,
				01F79885247AD4AA00FA8D14 /* Sources */,
				01F79886247AD4AA00FA8D14 /* Frameworks */,
				01F79887247AD4AA00FA8D14 /* Resources */,
				54A24D96D7EC9E906CCB18FB /* [CP] Embed Pods Frameworks */,
			);
			buildRules = (
			);
			dependencies = (
			);
			name = Puzzle;
			productName = Puzzle;
			productReference = 01F79889247AD4AA00FA8D14 /* Puzzle.app */;
			productType = "com.apple.product-type.application";
		};
		01F7989E247AD4AB00FA8D14 /* PuzzleTests */ = {
			isa = PBXNativeTarget;
			buildConfigurationList = 01F798B6247AD4AC00FA8D14 /* Build configuration list for PBXNativeTarget "PuzzleTests" */;
			buildPhases = (
				7F5468C04E8868C1A5BDC593 /* [CP] Check Pods Manifest.lock */,
				01F7989B247AD4AB00FA8D14 /* Sources */,
				01F7989C247AD4AB00FA8D14 /* Frameworks */,
				01F7989D247AD4AB00FA8D14 /* Resources */,
			);
			buildRules = (
			);
			dependencies = (
				01F798A1247AD4AB00FA8D14 /* PBXTargetDependency */,
			);
			name = PuzzleTests;
			productName = PuzzleTests;
			productReference = 01F7989F247AD4AB00FA8D14 /* PuzzleTests.xctest */;
			productType = "com.apple.product-type.bundle.unit-test";
		};
		01F798A9247AD4AC00FA8D14 /* PuzzleUITests */ = {
			isa = PBXNativeTarget;
			buildConfigurationList = 01F798B9247AD4AC00FA8D14 /* Build configuration list for PBXNativeTarget "PuzzleUITests" */;
			buildPhases = (
				35C8582F19FE88E75161AB09 /* [CP] Check Pods Manifest.lock */,
				01F798A6247AD4AC00FA8D14 /* Sources */,
				01F798A7247AD4AC00FA8D14 /* Frameworks */,
				01F798A8247AD4AC00FA8D14 /* Resources */,
				A504E951822B3F0AC505E2B8 /* [CP] Embed Pods Frameworks */,
			);
			buildRules = (
			);
			dependencies = (
				01F798AC247AD4AC00FA8D14 /* PBXTargetDependency */,
			);
			name = PuzzleUITests;
			productName = PuzzleUITests;
			productReference = 01F798AA247AD4AC00FA8D14 /* PuzzleUITests.xctest */;
			productType = "com.apple.product-type.bundle.ui-testing";
		};
/* End PBXNativeTarget section */

/* Begin PBXProject section */
		01F79881247AD4AA00FA8D14 /* Project object */ = {
			isa = PBXProject;
			attributes = {
				LastSwiftUpdateCheck = 1140;
				LastUpgradeCheck = 1140;
				ORGANIZATIONNAME = Pollock;
				TargetAttributes = {
					01F79888247AD4AA00FA8D14 = {
						CreatedOnToolsVersion = 11.4.1;
					};
					01F7989E247AD4AB00FA8D14 = {
						CreatedOnToolsVersion = 11.4.1;
						TestTargetID = 01F79888247AD4AA00FA8D14;
					};
					01F798A9247AD4AC00FA8D14 = {
						CreatedOnToolsVersion = 11.4.1;
						TestTargetID = 01F79888247AD4AA00FA8D14;
					};
				};
			};
			buildConfigurationList = 01F79884247AD4AA00FA8D14 /* Build configuration list for PBXProject "Puzzle" */;
			compatibilityVersion = "Xcode 9.3";
			developmentRegion = en;
			hasScannedForEncodings = 0;
			knownRegions = (
				en,
				Base,
			);
			mainGroup = 01F79880247AD4AA00FA8D14;
			productRefGroup = 01F7988A247AD4AA00FA8D14 /* Products */;
			projectDirPath = "";
			projectRoot = "";
			targets = (
				01F79888247AD4AA00FA8D14 /* Puzzle */,
				01F7989E247AD4AB00FA8D14 /* PuzzleTests */,
				01F798A9247AD4AC00FA8D14 /* PuzzleUITests */,
			);
		};
/* End PBXProject section */

/* Begin PBXResourcesBuildPhase section */
		01F79887247AD4AA00FA8D14 /* Resources */ = {
			isa = PBXResourcesBuildPhase;
			buildActionMask = 2147483647;
			files = (
				01504E4C247C77A2009F04E3 /* success.wav in Resources */,
				01F79899247AD4AB00FA8D14 /* LaunchScreen.storyboard in Resources */,
				014E7ED9247D4BF300AF72FB /* GoogleService-Info.plist in Resources */,
				01F79896247AD4AB00FA8D14 /* Assets.xcassets in Resources */,
				01F79894247AD4AA00FA8D14 /* Main.storyboard in Resources */,
			);
			runOnlyForDeploymentPostprocessing = 0;
		};
		01F7989D247AD4AB00FA8D14 /* Resources */ = {
			isa = PBXResourcesBuildPhase;
			buildActionMask = 2147483647;
			files = (
			);
			runOnlyForDeploymentPostprocessing = 0;
		};
		01F798A8247AD4AC00FA8D14 /* Resources */ = {
			isa = PBXResourcesBuildPhase;
			buildActionMask = 2147483647;
			files = (
			);
			runOnlyForDeploymentPostprocessing = 0;
		};
/* End PBXResourcesBuildPhase section */

/* Begin PBXShellScriptBuildPhase section */
		35C8582F19FE88E75161AB09 /* [CP] Check Pods Manifest.lock */ = {
			isa = PBXShellScriptBuildPhase;
			buildActionMask = 2147483647;
			files = (
			);
			inputFileListPaths = (
			);
			inputPaths = (
				"${PODS_PODFILE_DIR_PATH}/Podfile.lock",
				"${PODS_ROOT}/Manifest.lock",
			);
			name = "[CP] Check Pods Manifest.lock";
			outputFileListPaths = (
			);
			outputPaths = (
				"$(DERIVED_FILE_DIR)/Pods-Puzzle-PuzzleUITests-checkManifestLockResult.txt",
			);
			runOnlyForDeploymentPostprocessing = 0;
			shellPath = /bin/sh;
			shellScript = "diff \"${PODS_PODFILE_DIR_PATH}/Podfile.lock\" \"${PODS_ROOT}/Manifest.lock\" > /dev/null\nif [ $? != 0 ] ; then\n    # print error to STDERR\n    echo \"error: The sandbox is not in sync with the Podfile.lock. Run 'pod install' or update your CocoaPods installation.\" >&2\n    exit 1\nfi\n# This output is used by Xcode 'outputs' to avoid re-running this script phase.\necho \"SUCCESS\" > \"${SCRIPT_OUTPUT_FILE_0}\"\n";
			showEnvVarsInLog = 0;
		};
		50DB827C4AB373E0EA35CA57 /* [CP] Check Pods Manifest.lock */ = {
			isa = PBXShellScriptBuildPhase;
			buildActionMask = 2147483647;
			files = (
			);
			inputFileListPaths = (
			);
			inputPaths = (
				"${PODS_PODFILE_DIR_PATH}/Podfile.lock",
				"${PODS_ROOT}/Manifest.lock",
			);
			name = "[CP] Check Pods Manifest.lock";
			outputFileListPaths = (
			);
			outputPaths = (
				"$(DERIVED_FILE_DIR)/Pods-Puzzle-checkManifestLockResult.txt",
			);
			runOnlyForDeploymentPostprocessing = 0;
			shellPath = /bin/sh;
			shellScript = "diff \"${PODS_PODFILE_DIR_PATH}/Podfile.lock\" \"${PODS_ROOT}/Manifest.lock\" > /dev/null\nif [ $? != 0 ] ; then\n    # print error to STDERR\n    echo \"error: The sandbox is not in sync with the Podfile.lock. Run 'pod install' or update your CocoaPods installation.\" >&2\n    exit 1\nfi\n# This output is used by Xcode 'outputs' to avoid re-running this script phase.\necho \"SUCCESS\" > \"${SCRIPT_OUTPUT_FILE_0}\"\n";
			showEnvVarsInLog = 0;
		};
		54A24D96D7EC9E906CCB18FB /* [CP] Embed Pods Frameworks */ = {
			isa = PBXShellScriptBuildPhase;
			buildActionMask = 2147483647;
			files = (
			);
			inputFileListPaths = (
				"${PODS_ROOT}/Target Support Files/Pods-Puzzle/Pods-Puzzle-frameworks-${CONFIGURATION}-input-files.xcfilelist",
			);
			name = "[CP] Embed Pods Frameworks";
			outputFileListPaths = (
				"${PODS_ROOT}/Target Support Files/Pods-Puzzle/Pods-Puzzle-frameworks-${CONFIGURATION}-output-files.xcfilelist",
			);
			runOnlyForDeploymentPostprocessing = 0;
			shellPath = /bin/sh;
			shellScript = "\"${PODS_ROOT}/Target Support Files/Pods-Puzzle/Pods-Puzzle-frameworks.sh\"\n";
			showEnvVarsInLog = 0;
		};
		7F5468C04E8868C1A5BDC593 /* [CP] Check Pods Manifest.lock */ = {
			isa = PBXShellScriptBuildPhase;
			buildActionMask = 2147483647;
			files = (
			);
			inputFileListPaths = (
			);
			inputPaths = (
				"${PODS_PODFILE_DIR_PATH}/Podfile.lock",
				"${PODS_ROOT}/Manifest.lock",
			);
			name = "[CP] Check Pods Manifest.lock";
			outputFileListPaths = (
			);
			outputPaths = (
				"$(DERIVED_FILE_DIR)/Pods-PuzzleTests-checkManifestLockResult.txt",
			);
			runOnlyForDeploymentPostprocessing = 0;
			shellPath = /bin/sh;
			shellScript = "diff \"${PODS_PODFILE_DIR_PATH}/Podfile.lock\" \"${PODS_ROOT}/Manifest.lock\" > /dev/null\nif [ $? != 0 ] ; then\n    # print error to STDERR\n    echo \"error: The sandbox is not in sync with the Podfile.lock. Run 'pod install' or update your CocoaPods installation.\" >&2\n    exit 1\nfi\n# This output is used by Xcode 'outputs' to avoid re-running this script phase.\necho \"SUCCESS\" > \"${SCRIPT_OUTPUT_FILE_0}\"\n";
			showEnvVarsInLog = 0;
		};
		A504E951822B3F0AC505E2B8 /* [CP] Embed Pods Frameworks */ = {
			isa = PBXShellScriptBuildPhase;
			buildActionMask = 2147483647;
			files = (
			);
			inputFileListPaths = (
				"${PODS_ROOT}/Target Support Files/Pods-Puzzle-PuzzleUITests/Pods-Puzzle-PuzzleUITests-frameworks-${CONFIGURATION}-input-files.xcfilelist",
			);
			name = "[CP] Embed Pods Frameworks";
			outputFileListPaths = (
				"${PODS_ROOT}/Target Support Files/Pods-Puzzle-PuzzleUITests/Pods-Puzzle-PuzzleUITests-frameworks-${CONFIGURATION}-output-files.xcfilelist",
			);
			runOnlyForDeploymentPostprocessing = 0;
			shellPath = /bin/sh;
			shellScript = "\"${PODS_ROOT}/Target Support Files/Pods-Puzzle-PuzzleUITests/Pods-Puzzle-PuzzleUITests-frameworks.sh\"\n";
			showEnvVarsInLog = 0;
		};
/* End PBXShellScriptBuildPhase section */

/* Begin PBXSourcesBuildPhase section */
		01F79885247AD4AA00FA8D14 /* Sources */ = {
			isa = PBXSourcesBuildPhase;
			buildActionMask = 2147483647;
			files = (
				01F79891247AD4AA00FA8D14 /* MainViewController.swift in Sources */,
				01AB1D36247B029900E6EAE3 /* HighScoreViewController.swift in Sources */,
				DE2FB1D7247C33B50094BA10 /* HardViewController.swift in Sources */,
				01F7988D247AD4AA00FA8D14 /* AppDelegate.swift in Sources */,
				01F7988F247AD4AA00FA8D14 /* SceneDelegate.swift in Sources */,
				01629633247BF0CD0060A744 /* EasyViewController.swift in Sources */,
				0150CC7E247AEB9400A34B31 /* LevelViewController.swift in Sources */,
				01F798BD247AD53000FA8D14 /* ImageViewCVCell.swift in Sources */,
				01F798C1247ADAE500FA8D14 /* ViewController.swift in Sources */,
			);
			runOnlyForDeploymentPostprocessing = 0;
		};
		01F7989B247AD4AB00FA8D14 /* Sources */ = {
			isa = PBXSourcesBuildPhase;
			buildActionMask = 2147483647;
			files = (
				01F798A4247AD4AB00FA8D14 /* PuzzleTests.swift in Sources */,
			);
			runOnlyForDeploymentPostprocessing = 0;
		};
		01F798A6247AD4AC00FA8D14 /* Sources */ = {
			isa = PBXSourcesBuildPhase;
			buildActionMask = 2147483647;
			files = (
				01F798AF247AD4AC00FA8D14 /* PuzzleUITests.swift in Sources */,
			);
			runOnlyForDeploymentPostprocessing = 0;
		};
/* End PBXSourcesBuildPhase section */

/* Begin PBXTargetDependency section */
		01F798A1247AD4AB00FA8D14 /* PBXTargetDependency */ = {
			isa = PBXTargetDependency;
			target = 01F79888247AD4AA00FA8D14 /* Puzzle */;
			targetProxy = 01F798A0247AD4AB00FA8D14 /* PBXContainerItemProxy */;
		};
		01F798AC247AD4AC00FA8D14 /* PBXTargetDependency */ = {
			isa = PBXTargetDependency;
			target = 01F79888247AD4AA00FA8D14 /* Puzzle */;
			targetProxy = 01F798AB247AD4AC00FA8D14 /* PBXContainerItemProxy */;
		};
/* End PBXTargetDependency section */

/* Begin PBXVariantGroup section */
		01F79892247AD4AA00FA8D14 /* Main.storyboard */ = {
			isa = PBXVariantGroup;
			children = (
				01F79893247AD4AA00FA8D14 /* Base */,
			);
			name = Main.storyboard;
			sourceTree = "<group>";
		};
		01F79897247AD4AB00FA8D14 /* LaunchScreen.storyboard */ = {
			isa = PBXVariantGroup;
			children = (
				01F79898247AD4AB00FA8D14 /* Base */,
			);
			name = LaunchScreen.storyboard;
			sourceTree = "<group>";
		};
/* End PBXVariantGroup section */

/* Begin XCBuildConfiguration section */
		01F798B1247AD4AC00FA8D14 /* Debug */ = {
			isa = XCBuildConfiguration;
			buildSettings = {
				ALWAYS_SEARCH_USER_PATHS = NO;
				CLANG_ANALYZER_NONNULL = YES;
				CLANG_ANALYZER_NUMBER_OBJECT_CONVERSION = YES_AGGRESSIVE;
				CLANG_CXX_LANGUAGE_STANDARD = "gnu++14";
				CLANG_CXX_LIBRARY = "libc++";
				CLANG_ENABLE_MODULES = YES;
				CLANG_ENABLE_OBJC_ARC = YES;
				CLANG_ENABLE_OBJC_WEAK = YES;
				CLANG_WARN_BLOCK_CAPTURE_AUTORELEASING = YES;
				CLANG_WARN_BOOL_CONVERSION = YES;
				CLANG_WARN_COMMA = YES;
				CLANG_WARN_CONSTANT_CONVERSION = YES;
				CLANG_WARN_DEPRECATED_OBJC_IMPLEMENTATIONS = YES;
				CLANG_WARN_DIRECT_OBJC_ISA_USAGE = YES_ERROR;
				CLANG_WARN_DOCUMENTATION_COMMENTS = YES;
				CLANG_WARN_EMPTY_BODY = YES;
				CLANG_WARN_ENUM_CONVERSION = YES;
				CLANG_WARN_INFINITE_RECURSION = YES;
				CLANG_WARN_INT_CONVERSION = YES;
				CLANG_WARN_NON_LITERAL_NULL_CONVERSION = YES;
				CLANG_WARN_OBJC_IMPLICIT_RETAIN_SELF = YES;
				CLANG_WARN_OBJC_LITERAL_CONVERSION = YES;
				CLANG_WARN_OBJC_ROOT_CLASS = YES_ERROR;
				CLANG_WARN_RANGE_LOOP_ANALYSIS = YES;
				CLANG_WARN_STRICT_PROTOTYPES = YES;
				CLANG_WARN_SUSPICIOUS_MOVE = YES;
				CLANG_WARN_UNGUARDED_AVAILABILITY = YES_AGGRESSIVE;
				CLANG_WARN_UNREACHABLE_CODE = YES;
				CLANG_WARN__DUPLICATE_METHOD_MATCH = YES;
				COPY_PHASE_STRIP = NO;
				DEBUG_INFORMATION_FORMAT = dwarf;
				ENABLE_STRICT_OBJC_MSGSEND = YES;
				ENABLE_TESTABILITY = YES;
				GCC_C_LANGUAGE_STANDARD = gnu11;
				GCC_DYNAMIC_NO_PIC = NO;
				GCC_NO_COMMON_BLOCKS = YES;
				GCC_OPTIMIZATION_LEVEL = 0;
				GCC_PREPROCESSOR_DEFINITIONS = (
					"DEBUG=1",
					"$(inherited)",
				);
				GCC_WARN_64_TO_32_BIT_CONVERSION = YES;
				GCC_WARN_ABOUT_RETURN_TYPE = YES_ERROR;
				GCC_WARN_UNDECLARED_SELECTOR = YES;
				GCC_WARN_UNINITIALIZED_AUTOS = YES_AGGRESSIVE;
				GCC_WARN_UNUSED_FUNCTION = YES;
				GCC_WARN_UNUSED_VARIABLE = YES;
				IPHONEOS_DEPLOYMENT_TARGET = 13.4;
				MTL_ENABLE_DEBUG_INFO = INCLUDE_SOURCE;
				MTL_FAST_MATH = YES;
				ONLY_ACTIVE_ARCH = YES;
				SDKROOT = iphoneos;
				SWIFT_ACTIVE_COMPILATION_CONDITIONS = DEBUG;
				SWIFT_OPTIMIZATION_LEVEL = "-Onone";
			};
			name = Debug;
		};
		01F798B2247AD4AC00FA8D14 /* Release */ = {
			isa = XCBuildConfiguration;
			buildSettings = {
				ALWAYS_SEARCH_USER_PATHS = NO;
				CLANG_ANALYZER_NONNULL = YES;
				CLANG_ANALYZER_NUMBER_OBJECT_CONVERSION = YES_AGGRESSIVE;
				CLANG_CXX_LANGUAGE_STANDARD = "gnu++14";
				CLANG_CXX_LIBRARY = "libc++";
				CLANG_ENABLE_MODULES = YES;
				CLANG_ENABLE_OBJC_ARC = YES;
				CLANG_ENABLE_OBJC_WEAK = YES;
				CLANG_WARN_BLOCK_CAPTURE_AUTORELEASING = YES;
				CLANG_WARN_BOOL_CONVERSION = YES;
				CLANG_WARN_COMMA = YES;
				CLANG_WARN_CONSTANT_CONVERSION = YES;
				CLANG_WARN_DEPRECATED_OBJC_IMPLEMENTATIONS = YES;
				CLANG_WARN_DIRECT_OBJC_ISA_USAGE = YES_ERROR;
				CLANG_WARN_DOCUMENTATION_COMMENTS = YES;
				CLANG_WARN_EMPTY_BODY = YES;
				CLANG_WARN_ENUM_CONVERSION = YES;
				CLANG_WARN_INFINITE_RECURSION = YES;
				CLANG_WARN_INT_CONVERSION = YES;
				CLANG_WARN_NON_LITERAL_NULL_CONVERSION = YES;
				CLANG_WARN_OBJC_IMPLICIT_RETAIN_SELF = YES;
				CLANG_WARN_OBJC_LITERAL_CONVERSION = YES;
				CLANG_WARN_OBJC_ROOT_CLASS = YES_ERROR;
				CLANG_WARN_RANGE_LOOP_ANALYSIS = YES;
				CLANG_WARN_STRICT_PROTOTYPES = YES;
				CLANG_WARN_SUSPICIOUS_MOVE = YES;
				CLANG_WARN_UNGUARDED_AVAILABILITY = YES_AGGRESSIVE;
				CLANG_WARN_UNREACHABLE_CODE = YES;
				CLANG_WARN__DUPLICATE_METHOD_MATCH = YES;
				COPY_PHASE_STRIP = NO;
				DEBUG_INFORMATION_FORMAT = "dwarf-with-dsym";
				ENABLE_NS_ASSERTIONS = NO;
				ENABLE_STRICT_OBJC_MSGSEND = YES;
				GCC_C_LANGUAGE_STANDARD = gnu11;
				GCC_NO_COMMON_BLOCKS = YES;
				GCC_WARN_64_TO_32_BIT_CONVERSION = YES;
				GCC_WARN_ABOUT_RETURN_TYPE = YES_ERROR;
				GCC_WARN_UNDECLARED_SELECTOR = YES;
				GCC_WARN_UNINITIALIZED_AUTOS = YES_AGGRESSIVE;
				GCC_WARN_UNUSED_FUNCTION = YES;
				GCC_WARN_UNUSED_VARIABLE = YES;
				IPHONEOS_DEPLOYMENT_TARGET = 13.4;
				MTL_ENABLE_DEBUG_INFO = NO;
				MTL_FAST_MATH = YES;
				SDKROOT = iphoneos;
				SWIFT_COMPILATION_MODE = wholemodule;
				SWIFT_OPTIMIZATION_LEVEL = "-O";
				VALIDATE_PRODUCT = YES;
			};
			name = Release;
		};
		01F798B4247AD4AC00FA8D14 /* Debug */ = {
			isa = XCBuildConfiguration;
			baseConfigurationReference = 8073D381A6CF3A29533AC9CB /* Pods-Puzzle.debug.xcconfig */;
			buildSettings = {
				ASSETCATALOG_COMPILER_APPICON_NAME = AppIcon;
				CODE_SIGN_STYLE = Automatic;
				INFOPLIST_FILE = Puzzle/Info.plist;
				LD_RUNPATH_SEARCH_PATHS = (
					"$(inherited)",
					"@executable_path/Frameworks",
				);
				PRODUCT_BUNDLE_IDENTIFIER = ss.Puzzle;
				PRODUCT_NAME = "$(TARGET_NAME)";
				SWIFT_VERSION = 5.0;
				TARGETED_DEVICE_FAMILY = "1,2";
			};
			name = Debug;
		};
		01F798B5247AD4AC00FA8D14 /* Release */ = {
			isa = XCBuildConfiguration;
			baseConfigurationReference = 588F49D45F7BE8A011C22608 /* Pods-Puzzle.release.xcconfig */;
			buildSettings = {
				ASSETCATALOG_COMPILER_APPICON_NAME = AppIcon;
				CODE_SIGN_STYLE = Automatic;
				INFOPLIST_FILE = Puzzle/Info.plist;
				LD_RUNPATH_SEARCH_PATHS = (
					"$(inherited)",
					"@executable_path/Frameworks",
				);
				PRODUCT_BUNDLE_IDENTIFIER = ss.Puzzle;
				PRODUCT_NAME = "$(TARGET_NAME)";
				SWIFT_VERSION = 5.0;
				TARGETED_DEVICE_FAMILY = "1,2";
			};
			name = Release;
		};
		01F798B7247AD4AC00FA8D14 /* Debug */ = {
			isa = XCBuildConfiguration;
			baseConfigurationReference = 946D5D5A17AC2D8EA6990631 /* Pods-PuzzleTests.debug.xcconfig */;
			buildSettings = {
				ALWAYS_EMBED_SWIFT_STANDARD_LIBRARIES = YES;
				BUNDLE_LOADER = "$(TEST_HOST)";
				CODE_SIGN_STYLE = Automatic;
				INFOPLIST_FILE = PuzzleTests/Info.plist;
				IPHONEOS_DEPLOYMENT_TARGET = 13.4;
				LD_RUNPATH_SEARCH_PATHS = (
					"$(inherited)",
					"@executable_path/Frameworks",
					"@loader_path/Frameworks",
				);
				PRODUCT_BUNDLE_IDENTIFIER = ss.PuzzleTests;
				PRODUCT_NAME = "$(TARGET_NAME)";
				SWIFT_VERSION = 5.0;
				TARGETED_DEVICE_FAMILY = "1,2";
				TEST_HOST = "$(BUILT_PRODUCTS_DIR)/Puzzle.app/Puzzle";
			};
			name = Debug;
		};
		01F798B8247AD4AC00FA8D14 /* Release */ = {
			isa = XCBuildConfiguration;
			baseConfigurationReference = 3A8F2CEE3A6F7B27AF1A7674 /* Pods-PuzzleTests.release.xcconfig */;
			buildSettings = {
				ALWAYS_EMBED_SWIFT_STANDARD_LIBRARIES = YES;
				BUNDLE_LOADER = "$(TEST_HOST)";
				CODE_SIGN_STYLE = Automatic;
				INFOPLIST_FILE = PuzzleTests/Info.plist;
				IPHONEOS_DEPLOYMENT_TARGET = 13.4;
				LD_RUNPATH_SEARCH_PATHS = (
					"$(inherited)",
					"@executable_path/Frameworks",
					"@loader_path/Frameworks",
				);
				PRODUCT_BUNDLE_IDENTIFIER = ss.PuzzleTests;
				PRODUCT_NAME = "$(TARGET_NAME)";
				SWIFT_VERSION = 5.0;
				TARGETED_DEVICE_FAMILY = "1,2";
				TEST_HOST = "$(BUILT_PRODUCTS_DIR)/Puzzle.app/Puzzle";
			};
			name = Release;
		};
		01F798BA247AD4AC00FA8D14 /* Debug */ = {
			isa = XCBuildConfiguration;
			baseConfigurationReference = C22D84F1A124ACF9AEE3C20A /* Pods-Puzzle-PuzzleUITests.debug.xcconfig */;
			buildSettings = {
				ALWAYS_EMBED_SWIFT_STANDARD_LIBRARIES = YES;
				CODE_SIGN_STYLE = Automatic;
				INFOPLIST_FILE = PuzzleUITests/Info.plist;
				LD_RUNPATH_SEARCH_PATHS = (
					"$(inherited)",
					"@executable_path/Frameworks",
					"@loader_path/Frameworks",
				);
				PRODUCT_BUNDLE_IDENTIFIER = ss.PuzzleUITests;
				PRODUCT_NAME = "$(TARGET_NAME)";
				SWIFT_VERSION = 5.0;
				TARGETED_DEVICE_FAMILY = "1,2";
				TEST_TARGET_NAME = Puzzle;
			};
			name = Debug;
		};
		01F798BB247AD4AC00FA8D14 /* Release */ = {
			isa = XCBuildConfiguration;
			baseConfigurationReference = F570D3F022C193E517D91DB6 /* Pods-Puzzle-PuzzleUITests.release.xcconfig */;
			buildSettings = {
				ALWAYS_EMBED_SWIFT_STANDARD_LIBRARIES = YES;
				CODE_SIGN_STYLE = Automatic;
				INFOPLIST_FILE = PuzzleUITests/Info.plist;
				LD_RUNPATH_SEARCH_PATHS = (
					"$(inherited)",
					"@executable_path/Frameworks",
					"@loader_path/Frameworks",
				);
				PRODUCT_BUNDLE_IDENTIFIER = ss.PuzzleUITests;
				PRODUCT_NAME = "$(TARGET_NAME)";
				SWIFT_VERSION = 5.0;
				TARGETED_DEVICE_FAMILY = "1,2";
				TEST_TARGET_NAME = Puzzle;
			};
			name = Release;
		};
/* End XCBuildConfiguration section */

/* Begin XCConfigurationList section */
		01F79884247AD4AA00FA8D14 /* Build configuration list for PBXProject "Puzzle" */ = {
			isa = XCConfigurationList;
			buildConfigurations = (
				01F798B1247AD4AC00FA8D14 /* Debug */,
				01F798B2247AD4AC00FA8D14 /* Release */,
			);
			defaultConfigurationIsVisible = 0;
			defaultConfigurationName = Release;
		};
		01F798B3247AD4AC00FA8D14 /* Build configuration list for PBXNativeTarget "Puzzle" */ = {
			isa = XCConfigurationList;
			buildConfigurations = (
				01F798B4247AD4AC00FA8D14 /* Debug */,
				01F798B5247AD4AC00FA8D14 /* Release */,
			);
			defaultConfigurationIsVisible = 0;
			defaultConfigurationName = Release;
		};
		01F798B6247AD4AC00FA8D14 /* Build configuration list for PBXNativeTarget "PuzzleTests" */ = {
			isa = XCConfigurationList;
			buildConfigurations = (
				01F798B7247AD4AC00FA8D14 /* Debug */,
				01F798B8247AD4AC00FA8D14 /* Release */,
			);
			defaultConfigurationIsVisible = 0;
			defaultConfigurationName = Release;
		};
		01F798B9247AD4AC00FA8D14 /* Build configuration list for PBXNativeTarget "PuzzleUITests" */ = {
			isa = XCConfigurationList;
			buildConfigurations = (
				01F798BA247AD4AC00FA8D14 /* Debug */,
				01F798BB247AD4AC00FA8D14 /* Release */,
			);
			defaultConfigurationIsVisible = 0;
			defaultConfigurationName = Release;
		};
/* End XCConfigurationList section */
	};
	rootObject = 01F79881247AD4AA00FA8D14 /* Project object */;
}
